
Microsoft Visual Studio Solution File, Format Version 12.00
# Visual Studio Version 16
VisualStudioVersion = 16.0.32510.428
MinimumVisualStudioVersion = 10.0.40219.1
Project("{FAE04EC0-301F-11D3-BF4B-00C04F79EFBC}") = "RDI Credit Card", "RDI Credit Card\RDI Credit Card.csproj", "{B332D120-7B5B-4426-AA9C-8FE27743AC69}"
EndProject
Global
	GlobalSection(SolutionConfigurationPlatforms) = preSolution
		Debug|Any CPU = Debug|Any CPU
		Release|Any CPU = Release|Any CPU
	EndGlobalSection
	GlobalSection(ProjectConfigurationPlatforms) = postSolution
		{B332D120-7B5B-4426-AA9C-8FE27743AC69}.Debug|Any CPU.ActiveCfg = Debug|Any CPU
		{B332D120-7B5B-4426-AA9C-8FE27743AC69}.Debug|Any CPU.Build.0 = Debug|Any CPU
		{B332D120-7B5B-4426-AA9C-8FE27743AC69}.Release|Any CPU.ActiveCfg = Release|Any CPU
		{B332D120-7B5B-4426-AA9C-8FE27743AC69}.Release|Any CPU.Build.0 = Release|Any CPU
	EndGlobalSection
	GlobalSection(SolutionProperties) = preSolution
		HideSolutionNode = FALSE
	EndGlobalSection
	GlobalSection(ExtensibilityGlobals) = postSolution
		SolutionGuid = {2D69B632-8362-42D4-9EDF-6C272411B739}
	EndGlobalSection
EndGlobal
